
Microsoft Visual Studio Solution File, Format Version 12.00
# Visual Studio 15
VisualStudioVersion = 15.0.28307.1913
MinimumVisualStudioVersion = 10.0.40219.1
Project("{8BC9CEB8-8B4A-11D0-8D11-00A0C91BC942}") = "C_Day3", "C_Day3.vcxproj", "{DEBFDFC4-8B6E-4093-ACB8-92C7161A8497}"
EndProject
Global
	GlobalSection(SolutionConfigurationPlatforms) = preSolution
		Debug|x64 = Debug|x64
		Debug|x86 = Debug|x86
		Release|x64 = Release|x64
		Release|x86 = Release|x86
	EndGlobalSection
	GlobalSection(ProjectConfigurationPlatforms) = postSolution
		{DEBFDFC4-8B6E-4093-ACB8-92C7161A8497}.Debug|x64.ActiveCfg = Debug|x64
		{DEBFDFC4-8B6E-4093-ACB8-92C7161A8497}.Debug|x64.Build.0 = Debug|x64
		{DEBFDFC4-8B6E-4093-ACB8-92C7161A8497}.Debug|x86.ActiveCfg = Debug|Win32
		{DEBFDFC4-8B6E-4093-ACB8-92C7161A8497}.Debug|x86.Build.0 = Debug|Win32
		{DEBFDFC4-8B6E-4093-ACB8-92C7161A8497}.Release|x64.ActiveCfg = Release|x64
		{DEBFDFC4-8B6E-4093-ACB8-92C7161A8497}.Release|x64.Build.0 = Release|x64
		{DEBFDFC4-8B6E-4093-ACB8-92C7161A8497}.Release|x86.ActiveCfg = Release|Win32
		{DEBFDFC4-8B6E-4093-ACB8-92C7161A8497}.Release|x86.Build.0 = Release|Win32
	EndGlobalSection
	GlobalSection(SolutionProperties) = preSolution
		HideSolutionNode = FALSE
	EndGlobalSection
	GlobalSection(ExtensibilityGlobals) = postSolution
		SolutionGuid = {3EB51B92-6B86-4B33-8D95-4C32666E11AB}
	EndGlobalSection
EndGlobal
