
Microsoft Visual Studio Solution File, Format Version 12.00
# Visual Studio 15
VisualStudioVersion = 15.0.28307.1778
MinimumVisualStudioVersion = 10.0.40219.1
Project("{8BC9CEB8-8B4A-11D0-8D11-00A0C91BC942}") = "C_Day4-2", "C_Day4-2.vcxproj", "{C3227C0D-A928-42E8-AB12-D3C30C0A8455}"
EndProject
Global
	GlobalSection(SolutionConfigurationPlatforms) = preSolution
		Debug|x64 = Debug|x64
		Debug|x86 = Debug|x86
		Release|x64 = Release|x64
		Release|x86 = Release|x86
	EndGlobalSection
	GlobalSection(ProjectConfigurationPlatforms) = postSolution
		{C3227C0D-A928-42E8-AB12-D3C30C0A8455}.Debug|x64.ActiveCfg = Debug|x64
		{C3227C0D-A928-42E8-AB12-D3C30C0A8455}.Debug|x64.Build.0 = Debug|x64
		{C3227C0D-A928-42E8-AB12-D3C30C0A8455}.Debug|x86.ActiveCfg = Debug|Win32
		{C3227C0D-A928-42E8-AB12-D3C30C0A8455}.Debug|x86.Build.0 = Debug|Win32
		{C3227C0D-A928-42E8-AB12-D3C30C0A8455}.Release|x64.ActiveCfg = Release|x64
		{C3227C0D-A928-42E8-AB12-D3C30C0A8455}.Release|x64.Build.0 = Release|x64
		{C3227C0D-A928-42E8-AB12-D3C30C0A8455}.Release|x86.ActiveCfg = Release|Win32
		{C3227C0D-A928-42E8-AB12-D3C30C0A8455}.Release|x86.Build.0 = Release|Win32
	EndGlobalSection
	GlobalSection(SolutionProperties) = preSolution
		HideSolutionNode = FALSE
	EndGlobalSection
	GlobalSection(ExtensibilityGlobals) = postSolution
		SolutionGuid = {BAB087E0-A3B7-4CD7-83E1-6FEED9D52ACE}
	EndGlobalSection
EndGlobal
