
Microsoft Visual Studio Solution File, Format Version 12.00
# Visual Studio 15
VisualStudioVersion = 15.0.28307.2017
MinimumVisualStudioVersion = 10.0.40219.1
Project("{8BC9CEB8-8B4A-11D0-8D11-00A0C91BC942}") = "WinApi_Day4_CPP", "WinApi_Day4_CPP.vcxproj", "{D24FD5ED-1CDA-4553-838D-7B98653B198F}"
EndProject
Global
	GlobalSection(SolutionConfigurationPlatforms) = preSolution
		Debug|x64 = Debug|x64
		Debug|x86 = Debug|x86
		Release|x64 = Release|x64
		Release|x86 = Release|x86
	EndGlobalSection
	GlobalSection(ProjectConfigurationPlatforms) = postSolution
		{D24FD5ED-1CDA-4553-838D-7B98653B198F}.Debug|x64.ActiveCfg = Debug|x64
		{D24FD5ED-1CDA-4553-838D-7B98653B198F}.Debug|x64.Build.0 = Debug|x64
		{D24FD5ED-1CDA-4553-838D-7B98653B198F}.Debug|x86.ActiveCfg = Debug|Win32
		{D24FD5ED-1CDA-4553-838D-7B98653B198F}.Debug|x86.Build.0 = Debug|Win32
		{D24FD5ED-1CDA-4553-838D-7B98653B198F}.Release|x64.ActiveCfg = Release|x64
		{D24FD5ED-1CDA-4553-838D-7B98653B198F}.Release|x64.Build.0 = Release|x64
		{D24FD5ED-1CDA-4553-838D-7B98653B198F}.Release|x86.ActiveCfg = Release|Win32
		{D24FD5ED-1CDA-4553-838D-7B98653B198F}.Release|x86.Build.0 = Release|Win32
	EndGlobalSection
	GlobalSection(SolutionProperties) = preSolution
		HideSolutionNode = FALSE
	EndGlobalSection
	GlobalSection(ExtensibilityGlobals) = postSolution
		SolutionGuid = {F05ECF92-CD21-4A4C-AF77-97A9F0728045}
	EndGlobalSection
EndGlobal
