
Microsoft Visual Studio Solution File, Format Version 12.00
# Visual Studio 15
VisualStudioVersion = 15.0.28307.2017
MinimumVisualStudioVersion = 10.0.40219.1
Project("{8BC9CEB8-8B4A-11D0-8D11-00A0C91BC942}") = "WinApi_Day4", "WinApi_Day4.vcxproj", "{1116003D-240F-47CF-BE2A-CF3F58B254F8}"
EndProject
Global
	GlobalSection(SolutionConfigurationPlatforms) = preSolution
		Debug|x64 = Debug|x64
		Debug|x86 = Debug|x86
		Release|x64 = Release|x64
		Release|x86 = Release|x86
	EndGlobalSection
	GlobalSection(ProjectConfigurationPlatforms) = postSolution
		{1116003D-240F-47CF-BE2A-CF3F58B254F8}.Debug|x64.ActiveCfg = Debug|x64
		{1116003D-240F-47CF-BE2A-CF3F58B254F8}.Debug|x64.Build.0 = Debug|x64
		{1116003D-240F-47CF-BE2A-CF3F58B254F8}.Debug|x86.ActiveCfg = Debug|Win32
		{1116003D-240F-47CF-BE2A-CF3F58B254F8}.Debug|x86.Build.0 = Debug|Win32
		{1116003D-240F-47CF-BE2A-CF3F58B254F8}.Release|x64.ActiveCfg = Release|x64
		{1116003D-240F-47CF-BE2A-CF3F58B254F8}.Release|x64.Build.0 = Release|x64
		{1116003D-240F-47CF-BE2A-CF3F58B254F8}.Release|x86.ActiveCfg = Release|Win32
		{1116003D-240F-47CF-BE2A-CF3F58B254F8}.Release|x86.Build.0 = Release|Win32
	EndGlobalSection
	GlobalSection(SolutionProperties) = preSolution
		HideSolutionNode = FALSE
	EndGlobalSection
	GlobalSection(ExtensibilityGlobals) = postSolution
		SolutionGuid = {41159AB1-2B89-4A24-8CCC-06FB0B6E9134}
	EndGlobalSection
EndGlobal
